{
  "originHash" : "1d06e34f1797467a5808c39ca1932750cdc51cbee5dc7e10dc7958a4cd542fec",
  "pins" : [
    {
      "identity" : "loggingkit",
      "kind" : "remoteSourceControl",
      "location" : "https://github.com/TimurkaevMalik/LoggingKit.git",
      "state" : {
        "revision" : "21671dff7251bb8bb062eccf87b5896014851867",
        "version" : "1.2.0"
      }
    },
    {
      "identity" : "valet",
      "kind" : "remoteSourceControl",
      "location" : "https://github.com/square/Valet.git",
      "state" : {
        "revision" : "05c9e514fbd352a6866877ca31326b4e0b7d6d01",
        "version" : "5.0.0"
      }
    },
    {
      "identity" : "valetwrapper",
      "kind" : "remoteSourceControl",
      "location" : "https://github.com/TimurkaevMalik/ValetWrapper.git",
      "state" : {
        "revision" : "40d9c4c32fde28884baa856b60e8872828f87d28",
        "version" : "1.1.0"
      }
    }
  ],
  "version" : 3
}
