{
  "originHash" : "9090b20280533ce067e97f52a24a54f3af4f9649ff3010bb99a2c11cd4c7b9f9",
  "pins" : [
    {
      "identity" : "loggingkit",
      "kind" : "remoteSourceControl",
      "location" : "https://github.com/TimurkaevMalik/LoggingKit.git",
      "state" : {
        "revision" : "21671dff7251bb8bb062eccf87b5896014851867",
        "version" : "1.3.0"
      }
    },
    {
      "identity" : "valet",
      "kind" : "remoteSourceControl",
      "location" : "https://github.com/square/Valet.git",
      "state" : {
        "revision" : "05c9e514fbd352a6866877ca31326b4e0b7d6d01",
        "version" : "5.0.0"
      }
    },
    {
      "identity" : "valetwrapper",
      "kind" : "remoteSourceControl",
      "location" : "https://github.com/TimurkaevMalik/ValetWrapper.git",
      "state" : {
        "revision" : "7632563e64f402cfd45697cf6f623e9fcc47dcf1",
        "version" : "1.2.0"
      }
    }
  ],
  "version" : 3
}
